
Microsoft Visual Studio Solution File, Format Version 12.00
# Visual Studio Version 16
VisualStudioVersion = 16.0.31205.134
MinimumVisualStudioVersion = 10.0.40219.1
Project("{FAE04EC0-301F-11D3-BF4B-00C04F79EFBC}") = "Books", "Books.csproj", "{214B6836-2CD5-46D6-B396-F9B8F7B11ABF}"
EndProject
Global
	GlobalSection(SolutionConfigurationPlatforms) = preSolution
		Debug|Any CPU = Debug|Any CPU
		Release|Any CPU = Release|Any CPU
	EndGlobalSection
	GlobalSection(ProjectConfigurationPlatforms) = postSolution
		{214B6836-2CD5-46D6-B396-F9B8F7B11ABF}.Debug|Any CPU.ActiveCfg = Debug|Any CPU
		{214B6836-2CD5-46D6-B396-F9B8F7B11ABF}.Debug|Any CPU.Build.0 = Debug|Any CPU
		{214B6836-2CD5-46D6-B396-F9B8F7B11ABF}.Release|Any CPU.ActiveCfg = Release|Any CPU
		{214B6836-2CD5-46D6-B396-F9B8F7B11ABF}.Release|Any CPU.Build.0 = Release|Any CPU
	EndGlobalSection
	GlobalSection(SolutionProperties) = preSolution
		HideSolutionNode = FALSE
	EndGlobalSection
	GlobalSection(ExtensibilityGlobals) = postSolution
		SolutionGuid = {1DBD0DB9-C82C-4974-BD90-2892B207798A}
	EndGlobalSection
EndGlobal
